{
  "name": "bwip-js",
  "version": "3.1.0",
  "lockfileVersion": 2,
  "requires": true,
  "packages": {
    "": {
      "name": "bwip-js",
      "version": "3.1.0",
      "license": "MIT",
      "dependencies": {
        "react-zlib-js": "^1.0.5"
      },
      "bin": {
        "bwip-js": "bin/bwip-js.js"
      }
    },
    "node_modules/react-zlib-js": {
      "version": "1.0.5",
      "resolved": "https://registry.npmjs.org/react-zlib-js/-/react-zlib-js-1.0.5.tgz",
      "integrity": "sha512-TLcPdmqhIl+ylwOwlfm1WUuI7NVvhAv3L74d1AabhjyaAbmLOROTA/Q4EQ/UMCFCOjIkVim9fT3UZOQSFk/mlA=="
    }
  },
  "dependencies": {
    "react-zlib-js": {
      "version": "1.0.5",
      "resolved": "https://registry.npmjs.org/react-zlib-js/-/react-zlib-js-1.0.5.tgz",
      "integrity": "sha512-TLcPdmqhIl+ylwOwlfm1WUuI7NVvhAv3L74d1AabhjyaAbmLOROTA/Q4EQ/UMCFCOjIkVim9fT3UZOQSFk/mlA=="
    }
  }
}
